
Microsoft Visual Studio Solution File, Format Version 12.00
# Visual Studio Version 16
VisualStudioVersion = 16.0.30611.23
MinimumVisualStudioVersion = 10.0.40219.1
Project("{8BC9CEB8-8B4A-11D0-8D11-00A0C91BC942}") = "solve1", "solve1\solve1.vcxproj", "{7852E6AA-9CE3-4622-B69C-0B3FAF182794}"
EndProject
Project("{8BC9CEB8-8B4A-11D0-8D11-00A0C91BC942}") = "solve2", "solve2\solve2.vcxproj", "{3D249F08-99C0-4C5C-9E94-29EF9EC34728}"
EndProject
Global
	GlobalSection(SolutionConfigurationPlatforms) = preSolution
		Debug|x64 = Debug|x64
		Debug|x86 = Debug|x86
		Release|x64 = Release|x64
		Release|x86 = Release|x86
	EndGlobalSection
	GlobalSection(ProjectConfigurationPlatforms) = postSolution
		{7852E6AA-9CE3-4622-B69C-0B3FAF182794}.Debug|x64.ActiveCfg = Debug|x64
		{7852E6AA-9CE3-4622-B69C-0B3FAF182794}.Debug|x64.Build.0 = Debug|x64
		{7852E6AA-9CE3-4622-B69C-0B3FAF182794}.Debug|x86.ActiveCfg = Debug|Win32
		{7852E6AA-9CE3-4622-B69C-0B3FAF182794}.Debug|x86.Build.0 = Debug|Win32
		{7852E6AA-9CE3-4622-B69C-0B3FAF182794}.Release|x64.ActiveCfg = Release|x64
		{7852E6AA-9CE3-4622-B69C-0B3FAF182794}.Release|x64.Build.0 = Release|x64
		{7852E6AA-9CE3-4622-B69C-0B3FAF182794}.Release|x86.ActiveCfg = Release|Win32
		{7852E6AA-9CE3-4622-B69C-0B3FAF182794}.Release|x86.Build.0 = Release|Win32
		{3D249F08-99C0-4C5C-9E94-29EF9EC34728}.Debug|x64.ActiveCfg = Debug|x64
		{3D249F08-99C0-4C5C-9E94-29EF9EC34728}.Debug|x64.Build.0 = Debug|x64
		{3D249F08-99C0-4C5C-9E94-29EF9EC34728}.Debug|x86.ActiveCfg = Debug|Win32
		{3D249F08-99C0-4C5C-9E94-29EF9EC34728}.Debug|x86.Build.0 = Debug|Win32
		{3D249F08-99C0-4C5C-9E94-29EF9EC34728}.Release|x64.ActiveCfg = Release|x64
		{3D249F08-99C0-4C5C-9E94-29EF9EC34728}.Release|x64.Build.0 = Release|x64
		{3D249F08-99C0-4C5C-9E94-29EF9EC34728}.Release|x86.ActiveCfg = Release|Win32
		{3D249F08-99C0-4C5C-9E94-29EF9EC34728}.Release|x86.Build.0 = Release|Win32
	EndGlobalSection
	GlobalSection(SolutionProperties) = preSolution
		HideSolutionNode = FALSE
	EndGlobalSection
	GlobalSection(ExtensibilityGlobals) = postSolution
		SolutionGuid = {A5F53797-C516-4C5D-BF72-2CE77FB4F792}
	EndGlobalSection
EndGlobal
