
Microsoft Visual Studio Solution File, Format Version 12.00
# Visual Studio Version 16
VisualStudioVersion = 16.0.30611.23
MinimumVisualStudioVersion = 10.0.40219.1
Project("{8BC9CEB8-8B4A-11D0-8D11-00A0C91BC942}") = "solve1", "solve1\solve1.vcxproj", "{2046BF45-EFF7-4EBA-9997-360C52F9548E}"
EndProject
Project("{8BC9CEB8-8B4A-11D0-8D11-00A0C91BC942}") = "solve2", "solve2\solve2.vcxproj", "{9AE3B6DA-FFFC-4B0F-A559-1C9FEA4F39D9}"
EndProject
Global
	GlobalSection(SolutionConfigurationPlatforms) = preSolution
		Debug|x64 = Debug|x64
		Debug|x86 = Debug|x86
		Release|x64 = Release|x64
		Release|x86 = Release|x86
	EndGlobalSection
	GlobalSection(ProjectConfigurationPlatforms) = postSolution
		{2046BF45-EFF7-4EBA-9997-360C52F9548E}.Debug|x64.ActiveCfg = Debug|x64
		{2046BF45-EFF7-4EBA-9997-360C52F9548E}.Debug|x64.Build.0 = Debug|x64
		{2046BF45-EFF7-4EBA-9997-360C52F9548E}.Debug|x86.ActiveCfg = Debug|Win32
		{2046BF45-EFF7-4EBA-9997-360C52F9548E}.Debug|x86.Build.0 = Debug|Win32
		{2046BF45-EFF7-4EBA-9997-360C52F9548E}.Release|x64.ActiveCfg = Release|x64
		{2046BF45-EFF7-4EBA-9997-360C52F9548E}.Release|x64.Build.0 = Release|x64
		{2046BF45-EFF7-4EBA-9997-360C52F9548E}.Release|x86.ActiveCfg = Release|Win32
		{2046BF45-EFF7-4EBA-9997-360C52F9548E}.Release|x86.Build.0 = Release|Win32
		{9AE3B6DA-FFFC-4B0F-A559-1C9FEA4F39D9}.Debug|x64.ActiveCfg = Debug|x64
		{9AE3B6DA-FFFC-4B0F-A559-1C9FEA4F39D9}.Debug|x64.Build.0 = Debug|x64
		{9AE3B6DA-FFFC-4B0F-A559-1C9FEA4F39D9}.Debug|x86.ActiveCfg = Debug|Win32
		{9AE3B6DA-FFFC-4B0F-A559-1C9FEA4F39D9}.Debug|x86.Build.0 = Debug|Win32
		{9AE3B6DA-FFFC-4B0F-A559-1C9FEA4F39D9}.Release|x64.ActiveCfg = Release|x64
		{9AE3B6DA-FFFC-4B0F-A559-1C9FEA4F39D9}.Release|x64.Build.0 = Release|x64
		{9AE3B6DA-FFFC-4B0F-A559-1C9FEA4F39D9}.Release|x86.ActiveCfg = Release|Win32
		{9AE3B6DA-FFFC-4B0F-A559-1C9FEA4F39D9}.Release|x86.Build.0 = Release|Win32
	EndGlobalSection
	GlobalSection(SolutionProperties) = preSolution
		HideSolutionNode = FALSE
	EndGlobalSection
	GlobalSection(ExtensibilityGlobals) = postSolution
		SolutionGuid = {485ACBEC-318F-4854-B403-0A3A1E208F8D}
	EndGlobalSection
EndGlobal
