
Microsoft Visual Studio Solution File, Format Version 12.00
# Visual Studio Version 16
VisualStudioVersion = 16.0.30517.126
MinimumVisualStudioVersion = 10.0.40219.1
Project("{8BC9CEB8-8B4A-11D0-8D11-00A0C91BC942}") = "cpp", "cpp.vcxproj", "{3E2AB79E-91B5-44C0-8A13-FEACB058429C}"
EndProject
Global
	GlobalSection(SolutionConfigurationPlatforms) = preSolution
		Debug|x64 = Debug|x64
		Debug|x86 = Debug|x86
		Release|x64 = Release|x64
		Release|x86 = Release|x86
	EndGlobalSection
	GlobalSection(ProjectConfigurationPlatforms) = postSolution
		{3E2AB79E-91B5-44C0-8A13-FEACB058429C}.Debug|x64.ActiveCfg = Debug|x64
		{3E2AB79E-91B5-44C0-8A13-FEACB058429C}.Debug|x64.Build.0 = Debug|x64
		{3E2AB79E-91B5-44C0-8A13-FEACB058429C}.Debug|x86.ActiveCfg = Debug|Win32
		{3E2AB79E-91B5-44C0-8A13-FEACB058429C}.Debug|x86.Build.0 = Debug|Win32
		{3E2AB79E-91B5-44C0-8A13-FEACB058429C}.Release|x64.ActiveCfg = Release|x64
		{3E2AB79E-91B5-44C0-8A13-FEACB058429C}.Release|x64.Build.0 = Release|x64
		{3E2AB79E-91B5-44C0-8A13-FEACB058429C}.Release|x86.ActiveCfg = Release|Win32
		{3E2AB79E-91B5-44C0-8A13-FEACB058429C}.Release|x86.Build.0 = Release|Win32
	EndGlobalSection
	GlobalSection(SolutionProperties) = preSolution
		HideSolutionNode = FALSE
	EndGlobalSection
	GlobalSection(ExtensibilityGlobals) = postSolution
		SolutionGuid = {B7BBADA5-6A4C-4189-8A46-F7E1EC7DE600}
	EndGlobalSection
EndGlobal
