
Microsoft Visual Studio Solution File, Format Version 12.00
# Visual Studio Version 16
VisualStudioVersion = 16.0.30517.126
MinimumVisualStudioVersion = 10.0.40219.1
Project("{FAE04EC0-301F-11D3-BF4B-00C04F79EFBC}") = "cscalc", "cscalc.csproj", "{B4360505-AEED-442B-A643-1FFC3557CA53}"
EndProject
Global
	GlobalSection(SolutionConfigurationPlatforms) = preSolution
		Debug|Any CPU = Debug|Any CPU
		Release|Any CPU = Release|Any CPU
	EndGlobalSection
	GlobalSection(ProjectConfigurationPlatforms) = postSolution
		{B4360505-AEED-442B-A643-1FFC3557CA53}.Debug|Any CPU.ActiveCfg = Debug|Any CPU
		{B4360505-AEED-442B-A643-1FFC3557CA53}.Debug|Any CPU.Build.0 = Debug|Any CPU
		{B4360505-AEED-442B-A643-1FFC3557CA53}.Release|Any CPU.ActiveCfg = Release|Any CPU
		{B4360505-AEED-442B-A643-1FFC3557CA53}.Release|Any CPU.Build.0 = Release|Any CPU
	EndGlobalSection
	GlobalSection(SolutionProperties) = preSolution
		HideSolutionNode = FALSE
	EndGlobalSection
	GlobalSection(ExtensibilityGlobals) = postSolution
		SolutionGuid = {1E204F8C-26E3-48AB-9702-DAB1FAA073F2}
	EndGlobalSection
EndGlobal
