
Microsoft Visual Studio Solution File, Format Version 12.00
# Visual Studio Version 16
VisualStudioVersion = 16.0.30611.23
MinimumVisualStudioVersion = 10.0.40219.1
Project("{FAE04EC0-301F-11D3-BF4B-00C04F79EFBC}") = "WindowsFormsApp1", "WindowsFormsApp1.csproj", "{A5723529-773E-4F3C-80D2-5E2EFBAFF9C0}"
EndProject
Global
	GlobalSection(SolutionConfigurationPlatforms) = preSolution
		Debug|Any CPU = Debug|Any CPU
		Release|Any CPU = Release|Any CPU
	EndGlobalSection
	GlobalSection(ProjectConfigurationPlatforms) = postSolution
		{A5723529-773E-4F3C-80D2-5E2EFBAFF9C0}.Debug|Any CPU.ActiveCfg = Debug|Any CPU
		{A5723529-773E-4F3C-80D2-5E2EFBAFF9C0}.Debug|Any CPU.Build.0 = Debug|Any CPU
		{A5723529-773E-4F3C-80D2-5E2EFBAFF9C0}.Release|Any CPU.ActiveCfg = Release|Any CPU
		{A5723529-773E-4F3C-80D2-5E2EFBAFF9C0}.Release|Any CPU.Build.0 = Release|Any CPU
	EndGlobalSection
	GlobalSection(SolutionProperties) = preSolution
		HideSolutionNode = FALSE
	EndGlobalSection
	GlobalSection(ExtensibilityGlobals) = postSolution
		SolutionGuid = {7C72B9F1-FC9E-4413-B443-57D11B4D1DE2}
	EndGlobalSection
EndGlobal
