
Microsoft Visual Studio Solution File, Format Version 12.00
# Visual Studio Version 17
VisualStudioVersion = 17.7.34221.43
MinimumVisualStudioVersion = 10.0.40219.1
Project("{9A19103F-16F7-4668-BE54-9A1E7A4F7556}") = "mvc-main", "mvc-main\mvc-main.csproj", "{BF328CBE-EC14-49AB-9D4A-254153F701B8}"
EndProject
Project("{FAE04EC0-301F-11D3-BF4B-00C04F79EFBC}") = "CodeGenerate", "CodeGenerate\CodeGenerate.csproj", "{DF71090F-662D-4846-8B05-B481C015080B}"
EndProject
Global
	GlobalSection(SolutionConfigurationPlatforms) = preSolution
		Debug|Any CPU = Debug|Any CPU
		Release|Any CPU = Release|Any CPU
	EndGlobalSection
	GlobalSection(ProjectConfigurationPlatforms) = postSolution
		{BF328CBE-EC14-49AB-9D4A-254153F701B8}.Debug|Any CPU.ActiveCfg = Debug|Any CPU
		{BF328CBE-EC14-49AB-9D4A-254153F701B8}.Debug|Any CPU.Build.0 = Debug|Any CPU
		{BF328CBE-EC14-49AB-9D4A-254153F701B8}.Release|Any CPU.ActiveCfg = Release|Any CPU
		{BF328CBE-EC14-49AB-9D4A-254153F701B8}.Release|Any CPU.Build.0 = Release|Any CPU
		{DF71090F-662D-4846-8B05-B481C015080B}.Debug|Any CPU.ActiveCfg = Debug|Any CPU
		{DF71090F-662D-4846-8B05-B481C015080B}.Debug|Any CPU.Build.0 = Debug|Any CPU
		{DF71090F-662D-4846-8B05-B481C015080B}.Release|Any CPU.ActiveCfg = Release|Any CPU
		{DF71090F-662D-4846-8B05-B481C015080B}.Release|Any CPU.Build.0 = Release|Any CPU
	EndGlobalSection
	GlobalSection(SolutionProperties) = preSolution
		HideSolutionNode = FALSE
	EndGlobalSection
	GlobalSection(ExtensibilityGlobals) = postSolution
		SolutionGuid = {1C93D4D4-F866-44BD-8392-024B19BBC09D}
	EndGlobalSection
EndGlobal
